# This file was autogenerated by Stack.
# You should not edit this file by hand.
# For more information, please see the documentation at:
#   https://docs.haskellstack.org/en/stable/lock_files

packages:
- completed:
    name: monomer
    version: 1.4.1.0
    git: https://github.com/Dretch/monomer
    pantry-tree:
      size: 17335
      sha256: ed9be15a412023f4a71fa8d82facdebe25d5ceb36ecf3e2e6204aa1d9aab016b
    commit: e2870908a5a632209056f1de338b112676a643b4
  original:
    git: https://github.com/Dretch/monomer
    commit: e2870908a5a632209056f1de338b112676a643b4
- completed:
    name: sdl2
    version: 2.5.3.2
    git: https://github.com/haskell-game/sdl2
    pantry-tree:
      size: 7086
      sha256: 62403665bb98fbf4a25b9e9b117bab709534f3c9a919da6dbf78c99764fa33fe
    commit: b4fe21c1025e4be9a1eb03c19f811e1776a2b292
  original:
    git: https://github.com/haskell-game/sdl2
    commit: b4fe21c1025e4be9a1eb03c19f811e1776a2b292
snapshots:
- completed:
    size: 590824
    url: https://raw.githubusercontent.com/commercialhaskell/stackage-snapshots/master/nightly/2022/5/28.yaml
    sha256: 1b1fbecac3fc9c8efb60b85fd7ce635c8278d0080a66c2ba0d6e4c03773f5f64
  original: nightly-2022-05-28
