# This file was autogenerated by Stack.
# You should not edit this file by hand.
# For more information, please see the documentation at:
#   https://docs.haskellstack.org/en/stable/lock_files

packages:
- completed:
    name: monomer
    version: 1.4.1.0
    git: https://github.com/fjvallarino/monomer
    pantry-tree:
      size: 17680
      sha256: 61846448df4a4ef80ead548e346bdf6179b41cf84dd7b1657e1c6fae8d455c5b
    commit: 38391f7bfc37860c4be17bdf01bd8e6d24738c45
  original:
    git: https://github.com/fjvallarino/monomer
    commit: 38391f7bfc37860c4be17bdf01bd8e6d24738c45
snapshots:
- completed:
    size: 643197
    url: https://raw.githubusercontent.com/commercialhaskell/stackage-snapshots/master/nightly/2022/10/5.yaml
    sha256: aa6c5e469d7b28832c3b80cd2ca9fd6ea084ba7e4efc3f225757867e25bdbcef
  original: nightly-2022-10-05
